
Microsoft Visual Studio Solution File, Format Version 12.00
# Visual Studio Version 17
VisualStudioVersion = 17.4.33205.214
MinimumVisualStudioVersion = 10.0.40219.1
Project("{FAE04EC0-301F-11D3-BF4B-00C04F79EFBC}") = "RideRate", "RideRate\RideRate.csproj", "{E149D541-C679-4EBF-8E71-E8729402BDAC}"
EndProject
Global
	GlobalSection(SolutionConfigurationPlatforms) = preSolution
		Debug|Any CPU = Debug|Any CPU
		Release|Any CPU = Release|Any CPU
	EndGlobalSection
	GlobalSection(ProjectConfigurationPlatforms) = postSolution
		{E149D541-C679-4EBF-8E71-E8729402BDAC}.Debug|Any CPU.ActiveCfg = Debug|Any CPU
		{E149D541-C679-4EBF-8E71-E8729402BDAC}.Debug|Any CPU.Build.0 = Debug|Any CPU
		{E149D541-C679-4EBF-8E71-E8729402BDAC}.Release|Any CPU.ActiveCfg = Release|Any CPU
		{E149D541-C679-4EBF-8E71-E8729402BDAC}.Release|Any CPU.Build.0 = Release|Any CPU
	EndGlobalSection
	GlobalSection(SolutionProperties) = preSolution
		HideSolutionNode = FALSE
	EndGlobalSection
	GlobalSection(ExtensibilityGlobals) = postSolution
		SolutionGuid = {3CBF68F6-7633-4497-BE2D-CD06A3768562}
	EndGlobalSection
EndGlobal
